// !$*UTF8*$!
{
	archiveVersion = 1;
	classes = {
	};
	objectVersion = 46;
	objects = {

/* Begin PBXBuildFile section */
		7FEE0DCB1C37759800308470 /* AppDelegate.swift in Sources */ = {isa = PBXBuildFile; fileRef = 7FEE0DCA1C37759800308470 /* AppDelegate.swift */; };
		7FEE0DCD1C37759800308470 /* ViewController.swift in Sources */ = {isa = PBXBuildFile; fileRef = 7FEE0DCC1C37759800308470 /* ViewController.swift */; };
		7FEE0DD01C37759800308470 /* Main.storyboard in Resources */ = {isa = PBXBuildFile; fileRef = 7FEE0DCE1C37759800308470 /* Main.storyboard */; };
		7FEE0DD21C37759800308470 /* Assets.xcassets in Resources */ = {isa = PBXBuildFile; fileRef = 7FEE0DD11C37759800308470 /* Assets.xcassets */; };
		7FEE0DD51C37759800308470 /* LaunchScreen.storyboard in Resources */ = {isa = PBXBuildFile; fileRef = 7FEE0DD31C37759800308470 /* LaunchScreen.storyboard */; };
/* End PBXBuildFile section */

/* Begin PBXFileReference section */
		7FEE0DC71C37759800308470 /* tapper extreme.app */ = {isa = PBXFileReference; explicitFileType = wrapper.application; includeInIndex = 0; path = "tapper extreme.app"; sourceTree = BUILT_PRODUCTS_DIR; };
		7FEE0DCA1C37759800308470 /* AppDelegate.swift */ = {isa = PBXFileReference; lastKnownFileType = sourcecode.swift; path = AppDelegate.swift; sourceTree = "<group>"; };
		7FEE0DCC1C37759800308470 /* ViewController.swift */ = {isa = PBXFileReference; lastKnownFileType = sourcecode.swift; path = ViewController.swift; sourceTree = "<group>"; };
		7FEE0DCF1C37759800308470 /* Base */ = {isa = PBXFileReference; lastKnownFileType = file.storyboard; name = Base; path = Base.lproj/Main.storyboard; sourceTree = "<group>"; };
		7FEE0DD11C37759800308470 /* Assets.xcassets */ = {isa = PBXFileReference; lastKnownFileType = folder.assetcatalog; path = Assets.xcassets; sourceTree = "<group>"; };
		7FEE0DD41C37759800308470 /* Base */ = {isa = PBXFileReference; lastKnownFileType = file.storyboard; name = Base; path = Base.lproj/LaunchScreen.storyboard; sourceTree = "<group>"; };
		7FEE0DD61C37759800308470 /* Info.plist */ = {isa = PBXFileReference; lastKnownFileType = text.plist.xml; path = Info.plist; sourceTree = "<group>"; };
/* End PBXFileReference section */

/* Begin PBXFrameworksBuildPhase section */
		7FEE0DC41C37759800308470 /* Frameworks */ = {
			isa = PBXFrameworksBuildPhase;
			buildActionMask = 2147483647;
			files = (
			);
			runOnlyForDeploymentPostprocessing = 0;
		};
/* End PBXFrameworksBuildPhase section */

/* Begin PBXGroup section */
		7FEE0DBE1C37759800308470 = {
			isa = PBXGroup;
			children = (
				7FEE0DC91C37759800308470 /* tapper extreme */,
				7FEE0DC81C37759800308470 /* Products */,
			);
			sourceTree = "<group>";
		};
		7FEE0DC81C37759800308470 /* Products */ = {
			isa = PBXGroup;
			children = (
				7FEE0DC71C37759800308470 /* tapper extreme.app */,
			);
			name = Products;
			sourceTree = "<group>";
		};
		7FEE0DC91C37759800308470 /* tapper extreme */ = {
			isa = PBXGroup;
			children = (
				7FEE0DCA1C37759800308470 /* AppDelegate.swift */,
				7FEE0DCC1C37759800308470 /* ViewController.swift */,
				7FEE0DCE1C37759800308470 /* Main.storyboard */,
				7FEE0DD11C37759800308470 /* Assets.xcassets */,
				7FEE0DD31C37759800308470 /* LaunchScreen.storyboard */,
				7FEE0DD61C37759800308470 /* Info.plist */,
			);
			path = "tapper extreme";
			sourceTree = "<group>";
		};
/* End PBXGroup section */

/* Begin PBXNativeTarget section */
		7FEE0DC61C37759800308470 /* tapper extreme */ = {
			isa = PBXNativeTarget;
			buildConfigurationList = 7FEE0DD91C37759800308470 /* Build configuration list for PBXNativeTarget "tapper extreme" */;
			buildPhases = (
				7FEE0DC31C37759800308470 /* Sources */,
				7FEE0DC41C37759800308470 /* Frameworks */,
				7FEE0DC51C37759800308470 /* Resources */,
			);
			buildRules = (
			);
			dependencies = (
			);
			name = "tapper extreme";
			productName = "tapper extreme";
			productReference = 7FEE0DC71C37759800308470 /* tapper extreme.app */;
			productType = "com.apple.product-type.application";
		};
/* End PBXNativeTarget section */

/* Begin PBXProject section */
		7FEE0DBF1C37759800308470 /* Project object */ = {
			isa = PBXProject;
			attributes = {
				LastSwiftUpdateCheck = 0720;
				LastUpgradeCheck = 0720;
				ORGANIZATIONNAME = "Mobile Shah";
				TargetAttributes = {
					7FEE0DC61C37759800308470 = {
						CreatedOnToolsVersion = 7.2;
					};
				};
			};
			buildConfigurationList = 7FEE0DC21C37759800308470 /* Build configuration list for PBXProject "tapper extreme" */;
			compatibilityVersion = "Xcode 3.2";
			developmentRegion = English;
			hasScannedForEncodings = 0;
			knownRegions = (
				en,
				Base,
			);
			mainGroup = 7FEE0DBE1C37759800308470;
			productRefGroup = 7FEE0DC81C37759800308470 /* Products */;
			projectDirPath = "";
			projectRoot = "";
			targets = (
				7FEE0DC61C37759800308470 /* tapper extreme */,
			);
		};
/* End PBXProject section */

/* Begin PBXResourcesBuildPhase section */
		7FEE0DC51C37759800308470 /* Resources */ = {
			isa = PBXResourcesBuildPhase;
			buildActionMask = 2147483647;
			files = (
				7FEE0DD51C37759800308470 /* LaunchScreen.storyboard in Resources */,
				7FEE0DD21C37759800308470 /* Assets.xcassets in Resources */,
				7FEE0DD01C37759800308470 /* Main.storyboard in Resources */,
			);
			runOnlyForDeploymentPostprocessing = 0;
		};
/* End PBXResourcesBuildPhase section */

/* Begin PBXSourcesBuildPhase section */
		7FEE0DC31C37759800308470 /* Sources */ = {
			isa = PBXSourcesBuildPhase;
			buildActionMask = 2147483647;
			files = (
				7FEE0DCD1C37759800308470 /* ViewController.swift in Sources */,
				7FEE0DCB1C37759800308470 /* AppDelegate.swift in Sources */,
			);
			runOnlyForDeploymentPostprocessing = 0;
		};
/* End PBXSourcesBuildPhase section */

/* Begin PBXVariantGroup section */
		7FEE0DCE1C37759800308470 /* Main.storyboard */ = {
			isa = PBXVariantGroup;
			children = (
				7FEE0DCF1C37759800308470 /* Base */,
			);
			name = Main.storyboard;
			sourceTree = "<group>";
		};
		7FEE0DD31C37759800308470 /* LaunchScreen.storyboard */ = {
			isa = PBXVariantGroup;
			children = (
				7FEE0DD41C37759800308470 /* Base */,
			);
			name = LaunchScreen.storyboard;
			sourceTree = "<group>";
		};
/* End PBXVariantGroup section */

/* Begin XCBuildConfiguration section */
		7FEE0DD71C37759800308470 /* Debug */ = {
			isa = XCBuildConfiguration;
			buildSettings = {
				ALWAYS_SEARCH_USER_PATHS = NO;
				CLANG_CXX_LANGUAGE_STANDARD = "gnu++0x";
				CLANG_CXX_LIBRARY = "libc++";
				CLANG_ENABLE_MODULES = YES;
				CLANG_ENABLE_OBJC_ARC = YES;
				CLANG_WARN_BOOL_CONVERSION = YES;
				CLANG_WARN_CONSTANT_CONVERSION = YES;
				CLANG_WARN_DIRECT_OBJC_ISA_USAGE = YES_ERROR;
				CLANG_WARN_EMPTY_BODY = YES;
				CLANG_WARN_ENUM_CONVERSION = YES;
				CLANG_WARN_INT_CONVERSION = YES;
				CLANG_WARN_OBJC_ROOT_CLASS = YES_ERROR;
				CLANG_WARN_UNREACHABLE_CODE = YES;
				CLANG_WARN__DUPLICATE_METHOD_MATCH = YES;
				"CODE_SIGN_IDENTITY[sdk=iphoneos*]" = "iPhone Developer";
				COPY_PHASE_STRIP = NO;
				DEBUG_INFORMATION_FORMAT = dwarf;
				ENABLE_STRICT_OBJC_MSGSEND = YES;
				ENABLE_TESTABILITY = YES;
				GCC_C_LANGUAGE_STANDARD = gnu99;
				GCC_DYNAMIC_NO_PIC = NO;
				GCC_NO_COMMON_BLOCKS = YES;
				GCC_OPTIMIZATION_LEVEL = 0;
				GCC_PREPROCESSOR_DEFINITIONS = (
					"DEBUG=1",
					"$(inherited)",
				);
				GCC_WARN_64_TO_32_BIT_CONVERSION = YES;
				GCC_WARN_ABOUT_RETURN_TYPE = YES_ERROR;
				GCC_WARN_UNDECLARED_SELECTOR = YES;
				GCC_WARN_UNINITIALIZED_AUTOS = YES_AGGRESSIVE;
				GCC_WARN_UNUSED_FUNCTION = YES;
				GCC_WARN_UNUSED_VARIABLE = YES;
				IPHONEOS_DEPLOYMENT_TARGET = 9.2;
				MTL_ENABLE_DEBUG_INFO = YES;
				ONLY_ACTIVE_ARCH = YES;
				SDKROOT = iphoneos;
				SWIFT_OPTIMIZATION_LEVEL = "-Onone";
				TARGETED_DEVICE_FAMILY = "1,2";
			};
			name = Debug;
		};
		7FEE0DD81C37759800308470 /* Release */ = {
			isa = XCBuildConfiguration;
			buildSettings = {
				ALWAYS_SEARCH_USER_PATHS = NO;
				CLANG_CXX_LANGUAGE_STANDARD = "gnu++0x";
				CLANG_CXX_LIBRARY = "libc++";
				CLANG_ENABLE_MODULES = YES;
				CLANG_ENABLE_OBJC_ARC = YES;
				CLANG_WARN_BOOL_CONVERSION = YES;
				CLANG_WARN_CONSTANT_CONVERSION = YES;
				CLANG_WARN_DIRECT_OBJC_ISA_USAGE = YES_ERROR;
				CLANG_WARN_EMPTY_BODY = YES;
				CLANG_WARN_ENUM_CONVERSION = YES;
				CLANG_WARN_INT_CONVERSION = YES;
				CLANG_WARN_OBJC_ROOT_CLASS = YES_ERROR;
				CLANG_WARN_UNREACHABLE_CODE = YES;
				CLANG_WARN__DUPLICATE_METHOD_MATCH = YES;
				"CODE_SIGN_IDENTITY[sdk=iphoneos*]" = "iPhone Developer";
				COPY_PHASE_STRIP = NO;
				DEBUG_INFORMATION_FORMAT = "dwarf-with-dsym";
				ENABLE_NS_ASSERTIONS = NO;
				ENABLE_STRICT_OBJC_MSGSEND = YES;
				GCC_C_LANGUAGE_STANDARD = gnu99;
				GCC_NO_COMMON_BLOCKS = YES;
				GCC_WARN_64_TO_32_BIT_CONVERSION = YES;
				GCC_WARN_ABOUT_RETURN_TYPE = YES_ERROR;
				GCC_WARN_UNDECLARED_SELECTOR = YES;
				GCC_WARN_UNINITIALIZED_AUTOS = YES_AGGRESSIVE;
				GCC_WARN_UNUSED_FUNCTION = YES;
				GCC_WARN_UNUSED_VARIABLE = YES;
				IPHONEOS_DEPLOYMENT_TARGET = 9.2;
				MTL_ENABLE_DEBUG_INFO = NO;
				SDKROOT = iphoneos;
				TARGETED_DEVICE_FAMILY = "1,2";
				VALIDATE_PRODUCT = YES;
			};
			name = Release;
		};
		7FEE0DDA1C37759800308470 /* Debug */ = {
			isa = XCBuildConfiguration;
			buildSettings = {
				ASSETCATALOG_COMPILER_APPICON_NAME = AppIcon;
				INFOPLIST_FILE = "tapper extreme/Info.plist";
				LD_RUNPATH_SEARCH_PATHS = "$(inherited) @executable_path/Frameworks";
				PRODUCT_BUNDLE_IDENTIFIER = "edu.Morganstate.isaiahcliftonweaver.tapper-extreme";
				PRODUCT_NAME = "$(TARGET_NAME)";
			};
			name = Debug;
		};
		7FEE0DDB1C37759800308470 /* Release */ = {
			isa = XCBuildConfiguration;
			buildSettings = {
				ASSETCATALOG_COMPILER_APPICON_NAME = AppIcon;
				INFOPLIST_FILE = "tapper extreme/Info.plist";
				LD_RUNPATH_SEARCH_PATHS = "$(inherited) @executable_path/Frameworks";
				PRODUCT_BUNDLE_IDENTIFIER = "edu.Morganstate.isaiahcliftonweaver.tapper-extreme";
				PRODUCT_NAME = "$(TARGET_NAME)";
			};
			name = Release;
		};
/* End XCBuildConfiguration section */

/* Begin XCConfigurationList section */
		7FEE0DC21C37759800308470 /* Build configuration list for PBXProject "tapper extreme" */ = {
			isa = XCConfigurationList;
			buildConfigurations = (
				7FEE0DD71C37759800308470 /* Debug */,
				7FEE0DD81C37759800308470 /* Release */,
			);
			defaultConfigurationIsVisible = 0;
			defaultConfigurationName = Release;
		};
		7FEE0DD91C37759800308470 /* Build configuration list for PBXNativeTarget "tapper extreme" */ = {
			isa = XCConfigurationList;
			buildConfigurations = (
				7FEE0DDA1C37759800308470 /* Debug */,
				7FEE0DDB1C37759800308470 /* Release */,
			);
			defaultConfigurationIsVisible = 0;
		};
/* End XCConfigurationList section */
	};
	rootObject = 7FEE0DBF1C37759800308470 /* Project object */;
}
